
Microsoft Visual Studio Solution File, Format Version 12.00
Project("{FAE04EC0-301F-11D3-BF4B-00C04F79EFBC}") = "dnd-utils", "dnd-utils.csproj", "{AD7FDC41-8554-4903-8183-41825C2CED2B}"
EndProject
Global
	GlobalSection(SolutionConfigurationPlatforms) = preSolution
		Debug|Any CPU = Debug|Any CPU
		Release|Any CPU = Release|Any CPU
	EndGlobalSection
	GlobalSection(ProjectConfigurationPlatforms) = postSolution
		{AD7FDC41-8554-4903-8183-41825C2CED2B}.Debug|Any CPU.ActiveCfg = Debug|Any CPU
		{AD7FDC41-8554-4903-8183-41825C2CED2B}.Debug|Any CPU.Build.0 = Debug|Any CPU
		{AD7FDC41-8554-4903-8183-41825C2CED2B}.Release|Any CPU.ActiveCfg = Release|Any CPU
		{AD7FDC41-8554-4903-8183-41825C2CED2B}.Release|Any CPU.Build.0 = Release|Any CPU
	EndGlobalSection
EndGlobal
